// !$*UTF8*$!
{
	archiveVersion = 1;
	classes = {
	};
	objectVersion = 50;
	objects = {

/* Begin PBXBuildFile section */
		2E074C36235F067000DE18BF /* SwiftMemory.swift in Sources */ = {isa = PBXBuildFile; fileRef = 2E074C35235F067000DE18BF /* SwiftMemory.swift */; };
		2EC9C97F2368397B001B863E /* main.swift in Sources */ = {isa = PBXBuildFile; fileRef = 2EC9C97E2368397B001B863E /* main.swift */; };
		2EC9C98323683986001B863E /* SwiftMemory.swift in Sources */ = {isa = PBXBuildFile; fileRef = 2E074C35235F067000DE18BF /* SwiftMemory.swift */; };
		2EC9C98723683A7F001B863E /* memorydumper2 in Resources */ = {isa = PBXBuildFile; fileRef = 2EC9C98623683A7E001B863E /* memorydumper2 */; };
		2EFCC5BA23176CCB00F80414 /* AppDelegate.swift in Sources */ = {isa = PBXBuildFile; fileRef = 2EFCC5B923176CCB00F80414 /* AppDelegate.swift */; };
		2EFCC5BC23176CCB00F80414 /* ViewController.swift in Sources */ = {isa = PBXBuildFile; fileRef = 2EFCC5BB23176CCB00F80414 /* ViewController.swift */; };
		2EFCC5BF23176CCB00F80414 /* Main.storyboard in Resources */ = {isa = PBXBuildFile; fileRef = 2EFCC5BD23176CCB00F80414 /* Main.storyboard */; };
		2EFCC5C123176CCB00F80414 /* Assets.xcassets in Resources */ = {isa = PBXBuildFile; fileRef = 2EFCC5C023176CCB00F80414 /* Assets.xcassets */; };
		2EFCC5C423176CCB00F80414 /* LaunchScreen.storyboard in Resources */ = {isa = PBXBuildFile; fileRef = 2EFCC5C223176CCB00F80414 /* LaunchScreen.storyboard */; };
/* End PBXBuildFile section */

/* Begin PBXCopyFilesBuildPhase section */
		2EC9C97A2368397B001B863E /* CopyFiles */ = {
			isa = PBXCopyFilesBuildPhase;
			buildActionMask = 2147483647;
			dstPath = /usr/share/man/man1/;
			dstSubfolderSpec = 0;
			files = (
			);
			runOnlyForDeploymentPostprocessing = 1;
		};
/* End PBXCopyFilesBuildPhase section */

/* Begin PBXFileReference section */
		2E074C35235F067000DE18BF /* SwiftMemory.swift */ = {isa = PBXFileReference; lastKnownFileType = sourcecode.swift; path = SwiftMemory.swift; sourceTree = "<group>"; };
		2EC9C97C2368397B001B863E /* Test */ = {isa = PBXFileReference; explicitFileType = "compiled.mach-o.executable"; includeInIndex = 0; path = Test; sourceTree = BUILT_PRODUCTS_DIR; };
		2EC9C97E2368397B001B863E /* main.swift */ = {isa = PBXFileReference; lastKnownFileType = sourcecode.swift; path = main.swift; sourceTree = "<group>"; };
		2EC9C98623683A7E001B863E /* memorydumper2 */ = {isa = PBXFileReference; lastKnownFileType = folder; name = memorydumper2; path = "memorydumper2-master/memorydumper2"; sourceTree = "<group>"; };
		2EFCC5B623176CCB00F80414 /* Memory&Pointer-Swift.app */ = {isa = PBXFileReference; explicitFileType = wrapper.application; includeInIndex = 0; path = "Memory&Pointer-Swift.app"; sourceTree = BUILT_PRODUCTS_DIR; };
		2EFCC5B923176CCB00F80414 /* AppDelegate.swift */ = {isa = PBXFileReference; lastKnownFileType = sourcecode.swift; path = AppDelegate.swift; sourceTree = "<group>"; };
		2EFCC5BB23176CCB00F80414 /* ViewController.swift */ = {isa = PBXFileReference; lastKnownFileType = sourcecode.swift; path = ViewController.swift; sourceTree = "<group>"; };
		2EFCC5BE23176CCB00F80414 /* Base */ = {isa = PBXFileReference; lastKnownFileType = file.storyboard; name = Base; path = Base.lproj/Main.storyboard; sourceTree = "<group>"; };
		2EFCC5C023176CCB00F80414 /* Assets.xcassets */ = {isa = PBXFileReference; lastKnownFileType = folder.assetcatalog; path = Assets.xcassets; sourceTree = "<group>"; };
		2EFCC5C323176CCB00F80414 /* Base */ = {isa = PBXFileReference; lastKnownFileType = file.storyboard; name = Base; path = Base.lproj/LaunchScreen.storyboard; sourceTree = "<group>"; };
		2EFCC5C523176CCB00F80414 /* Info.plist */ = {isa = PBXFileReference; lastKnownFileType = text.plist.xml; path = Info.plist; sourceTree = "<group>"; };
		2EFCC5CB2317A69600F80414 /* MyPlayground.playground */ = {isa = PBXFileReference; lastKnownFileType = file.playground; path = MyPlayground.playground; sourceTree = "<group>"; xcLanguageSpecificationIdentifier = xcode.lang.swift; };
/* End PBXFileReference section */

/* Begin PBXFrameworksBuildPhase section */
		2EC9C9792368397B001B863E /* Frameworks */ = {
			isa = PBXFrameworksBuildPhase;
			buildActionMask = 2147483647;
			files = (
			);
			runOnlyForDeploymentPostprocessing = 0;
		};
		2EFCC5B323176CCB00F80414 /* Frameworks */ = {
			isa = PBXFrameworksBuildPhase;
			buildActionMask = 2147483647;
			files = (
			);
			runOnlyForDeploymentPostprocessing = 0;
		};
/* End PBXFrameworksBuildPhase section */

/* Begin PBXGroup section */
		2E074C34235F065100DE18BF /* Source */ = {
			isa = PBXGroup;
			children = (
				2E074C35235F067000DE18BF /* SwiftMemory.swift */,
			);
			path = Source;
			sourceTree = "<group>";
		};
		2EC9C97D2368397B001B863E /* Test */ = {
			isa = PBXGroup;
			children = (
				2EC9C97E2368397B001B863E /* main.swift */,
			);
			path = Test;
			sourceTree = "<group>";
		};
		2EFCC5AD23176CCA00F80414 = {
			isa = PBXGroup;
			children = (
				2EC9C98623683A7E001B863E /* memorydumper2 */,
				2E074C34235F065100DE18BF /* Source */,
				2EFCC5B823176CCB00F80414 /* Memory&Pointer-Swift */,
				2EC9C97D2368397B001B863E /* Test */,
				2EFCC5B723176CCB00F80414 /* Products */,
			);
			sourceTree = "<group>";
		};
		2EFCC5B723176CCB00F80414 /* Products */ = {
			isa = PBXGroup;
			children = (
				2EFCC5B623176CCB00F80414 /* Memory&Pointer-Swift.app */,
				2EC9C97C2368397B001B863E /* Test */,
			);
			name = Products;
			sourceTree = "<group>";
		};
		2EFCC5B823176CCB00F80414 /* Memory&Pointer-Swift */ = {
			isa = PBXGroup;
			children = (
				2EFCC5CB2317A69600F80414 /* MyPlayground.playground */,
				2EFCC5B923176CCB00F80414 /* AppDelegate.swift */,
				2EFCC5BB23176CCB00F80414 /* ViewController.swift */,
				2EFCC5BD23176CCB00F80414 /* Main.storyboard */,
				2EFCC5C023176CCB00F80414 /* Assets.xcassets */,
				2EFCC5C223176CCB00F80414 /* LaunchScreen.storyboard */,
				2EFCC5C523176CCB00F80414 /* Info.plist */,
			);
			path = "Memory&Pointer-Swift";
			sourceTree = "<group>";
		};
/* End PBXGroup section */

/* Begin PBXNativeTarget section */
		2EC9C97B2368397B001B863E /* Test */ = {
			isa = PBXNativeTarget;
			buildConfigurationList = 2EC9C9822368397B001B863E /* Build configuration list for PBXNativeTarget "Test" */;
			buildPhases = (
				2EC9C9782368397B001B863E /* Sources */,
				2EC9C9792368397B001B863E /* Frameworks */,
				2EC9C97A2368397B001B863E /* CopyFiles */,
			);
			buildRules = (
			);
			dependencies = (
			);
			name = Test;
			productName = Test;
			productReference = 2EC9C97C2368397B001B863E /* Test */;
			productType = "com.apple.product-type.tool";
		};
		2EFCC5B523176CCB00F80414 /* Memory&Pointer-Swift */ = {
			isa = PBXNativeTarget;
			buildConfigurationList = 2EFCC5C823176CCB00F80414 /* Build configuration list for PBXNativeTarget "Memory&Pointer-Swift" */;
			buildPhases = (
				2EFCC5B223176CCB00F80414 /* Sources */,
				2EFCC5B323176CCB00F80414 /* Frameworks */,
				2EFCC5B423176CCB00F80414 /* Resources */,
			);
			buildRules = (
			);
			dependencies = (
			);
			name = "Memory&Pointer-Swift";
			productName = "Memory&Pointer-Swift";
			productReference = 2EFCC5B623176CCB00F80414 /* Memory&Pointer-Swift.app */;
			productType = "com.apple.product-type.application";
		};
/* End PBXNativeTarget section */

/* Begin PBXProject section */
		2EFCC5AE23176CCA00F80414 /* Project object */ = {
			isa = PBXProject;
			attributes = {
				LastSwiftUpdateCheck = 1100;
				LastUpgradeCheck = 1030;
				ORGANIZATIONNAME = "蔡杰";
				TargetAttributes = {
					2EC9C97B2368397B001B863E = {
						CreatedOnToolsVersion = 11.0;
					};
					2EFCC5B523176CCB00F80414 = {
						CreatedOnToolsVersion = 10.3;
					};
				};
			};
			buildConfigurationList = 2EFCC5B123176CCA00F80414 /* Build configuration list for PBXProject "Memory&Pointer-Swift" */;
			compatibilityVersion = "Xcode 9.3";
			developmentRegion = en;
			hasScannedForEncodings = 0;
			knownRegions = (
				en,
				Base,
			);
			mainGroup = 2EFCC5AD23176CCA00F80414;
			productRefGroup = 2EFCC5B723176CCB00F80414 /* Products */;
			projectDirPath = "";
			projectRoot = "";
			targets = (
				2EFCC5B523176CCB00F80414 /* Memory&Pointer-Swift */,
				2EC9C97B2368397B001B863E /* Test */,
			);
		};
/* End PBXProject section */

/* Begin PBXResourcesBuildPhase section */
		2EFCC5B423176CCB00F80414 /* Resources */ = {
			isa = PBXResourcesBuildPhase;
			buildActionMask = 2147483647;
			files = (
				2EFCC5C423176CCB00F80414 /* LaunchScreen.storyboard in Resources */,
				2EC9C98723683A7F001B863E /* memorydumper2 in Resources */,
				2EFCC5C123176CCB00F80414 /* Assets.xcassets in Resources */,
				2EFCC5BF23176CCB00F80414 /* Main.storyboard in Resources */,
			);
			runOnlyForDeploymentPostprocessing = 0;
		};
/* End PBXResourcesBuildPhase section */

/* Begin PBXSourcesBuildPhase section */
		2EC9C9782368397B001B863E /* Sources */ = {
			isa = PBXSourcesBuildPhase;
			buildActionMask = 2147483647;
			files = (
				2EC9C98323683986001B863E /* SwiftMemory.swift in Sources */,
				2EC9C97F2368397B001B863E /* main.swift in Sources */,
			);
			runOnlyForDeploymentPostprocessing = 0;
		};
		2EFCC5B223176CCB00F80414 /* Sources */ = {
			isa = PBXSourcesBuildPhase;
			buildActionMask = 2147483647;
			files = (
				2EFCC5BC23176CCB00F80414 /* ViewController.swift in Sources */,
				2E074C36235F067000DE18BF /* SwiftMemory.swift in Sources */,
				2EFCC5BA23176CCB00F80414 /* AppDelegate.swift in Sources */,
			);
			runOnlyForDeploymentPostprocessing = 0;
		};
/* End PBXSourcesBuildPhase section */

/* Begin PBXVariantGroup section */
		2EFCC5BD23176CCB00F80414 /* Main.storyboard */ = {
			isa = PBXVariantGroup;
			children = (
				2EFCC5BE23176CCB00F80414 /* Base */,
			);
			name = Main.storyboard;
			sourceTree = "<group>";
		};
		2EFCC5C223176CCB00F80414 /* LaunchScreen.storyboard */ = {
			isa = PBXVariantGroup;
			children = (
				2EFCC5C323176CCB00F80414 /* Base */,
			);
			name = LaunchScreen.storyboard;
			sourceTree = "<group>";
		};
/* End PBXVariantGroup section */

/* Begin XCBuildConfiguration section */
		2EC9C9802368397B001B863E /* Debug */ = {
			isa = XCBuildConfiguration;
			buildSettings = {
				CODE_SIGN_STYLE = Automatic;
				MACOSX_DEPLOYMENT_TARGET = 10.14;
				PRODUCT_NAME = "$(TARGET_NAME)";
				SDKROOT = macosx;
				SWIFT_VERSION = 5.0;
			};
			name = Debug;
		};
		2EC9C9812368397B001B863E /* Release */ = {
			isa = XCBuildConfiguration;
			buildSettings = {
				CODE_SIGN_STYLE = Automatic;
				MACOSX_DEPLOYMENT_TARGET = 10.14;
				PRODUCT_NAME = "$(TARGET_NAME)";
				SDKROOT = macosx;
				SWIFT_VERSION = 5.0;
			};
			name = Release;
		};
		2EFCC5C623176CCB00F80414 /* Debug */ = {
			isa = XCBuildConfiguration;
			buildSettings = {
				ALWAYS_SEARCH_USER_PATHS = NO;
				CLANG_ANALYZER_NONNULL = YES;
				CLANG_ANALYZER_NUMBER_OBJECT_CONVERSION = YES_AGGRESSIVE;
				CLANG_CXX_LANGUAGE_STANDARD = "gnu++14";
				CLANG_CXX_LIBRARY = "libc++";
				CLANG_ENABLE_MODULES = YES;
				CLANG_ENABLE_OBJC_ARC = YES;
				CLANG_ENABLE_OBJC_WEAK = YES;
				CLANG_WARN_BLOCK_CAPTURE_AUTORELEASING = YES;
				CLANG_WARN_BOOL_CONVERSION = YES;
				CLANG_WARN_COMMA = YES;
				CLANG_WARN_CONSTANT_CONVERSION = YES;
				CLANG_WARN_DEPRECATED_OBJC_IMPLEMENTATIONS = YES;
				CLANG_WARN_DIRECT_OBJC_ISA_USAGE = YES_ERROR;
				CLANG_WARN_DOCUMENTATION_COMMENTS = YES;
				CLANG_WARN_EMPTY_BODY = YES;
				CLANG_WARN_ENUM_CONVERSION = YES;
				CLANG_WARN_INFINITE_RECURSION = YES;
				CLANG_WARN_INT_CONVERSION = YES;
				CLANG_WARN_NON_LITERAL_NULL_CONVERSION = YES;
				CLANG_WARN_OBJC_IMPLICIT_RETAIN_SELF = YES;
				CLANG_WARN_OBJC_LITERAL_CONVERSION = YES;
				CLANG_WARN_OBJC_ROOT_CLASS = YES_ERROR;
				CLANG_WARN_RANGE_LOOP_ANALYSIS = YES;
				CLANG_WARN_STRICT_PROTOTYPES = YES;
				CLANG_WARN_SUSPICIOUS_MOVE = YES;
				CLANG_WARN_UNGUARDED_AVAILABILITY = YES_AGGRESSIVE;
				CLANG_WARN_UNREACHABLE_CODE = YES;
				CLANG_WARN__DUPLICATE_METHOD_MATCH = YES;
				CODE_SIGN_IDENTITY = "iPhone Developer";
				COPY_PHASE_STRIP = NO;
				DEBUG_INFORMATION_FORMAT = dwarf;
				ENABLE_STRICT_OBJC_MSGSEND = YES;
				ENABLE_TESTABILITY = YES;
				GCC_C_LANGUAGE_STANDARD = gnu11;
				GCC_DYNAMIC_NO_PIC = NO;
				GCC_NO_COMMON_BLOCKS = YES;
				GCC_OPTIMIZATION_LEVEL = 0;
				GCC_PREPROCESSOR_DEFINITIONS = (
					"DEBUG=1",
					"$(inherited)",
				);
				GCC_WARN_64_TO_32_BIT_CONVERSION = YES;
				GCC_WARN_ABOUT_RETURN_TYPE = YES_ERROR;
				GCC_WARN_UNDECLARED_SELECTOR = YES;
				GCC_WARN_UNINITIALIZED_AUTOS = YES_AGGRESSIVE;
				GCC_WARN_UNUSED_FUNCTION = YES;
				GCC_WARN_UNUSED_VARIABLE = YES;
				IPHONEOS_DEPLOYMENT_TARGET = 12.4;
				MTL_ENABLE_DEBUG_INFO = INCLUDE_SOURCE;
				MTL_FAST_MATH = YES;
				ONLY_ACTIVE_ARCH = YES;
				SDKROOT = iphoneos;
				SWIFT_ACTIVE_COMPILATION_CONDITIONS = DEBUG;
				SWIFT_OPTIMIZATION_LEVEL = "-Onone";
			};
			name = Debug;
		};
		2EFCC5C723176CCB00F80414 /* Release */ = {
			isa = XCBuildConfiguration;
			buildSettings = {
				ALWAYS_SEARCH_USER_PATHS = NO;
				CLANG_ANALYZER_NONNULL = YES;
				CLANG_ANALYZER_NUMBER_OBJECT_CONVERSION = YES_AGGRESSIVE;
				CLANG_CXX_LANGUAGE_STANDARD = "gnu++14";
				CLANG_CXX_LIBRARY = "libc++";
				CLANG_ENABLE_MODULES = YES;
				CLANG_ENABLE_OBJC_ARC = YES;
				CLANG_ENABLE_OBJC_WEAK = YES;
				CLANG_WARN_BLOCK_CAPTURE_AUTORELEASING = YES;
				CLANG_WARN_BOOL_CONVERSION = YES;
				CLANG_WARN_COMMA = YES;
				CLANG_WARN_CONSTANT_CONVERSION = YES;
				CLANG_WARN_DEPRECATED_OBJC_IMPLEMENTATIONS = YES;
				CLANG_WARN_DIRECT_OBJC_ISA_USAGE = YES_ERROR;
				CLANG_WARN_DOCUMENTATION_COMMENTS = YES;
				CLANG_WARN_EMPTY_BODY = YES;
				CLANG_WARN_ENUM_CONVERSION = YES;
				CLANG_WARN_INFINITE_RECURSION = YES;
				CLANG_WARN_INT_CONVERSION = YES;
				CLANG_WARN_NON_LITERAL_NULL_CONVERSION = YES;
				CLANG_WARN_OBJC_IMPLICIT_RETAIN_SELF = YES;
				CLANG_WARN_OBJC_LITERAL_CONVERSION = YES;
				CLANG_WARN_OBJC_ROOT_CLASS = YES_ERROR;
				CLANG_WARN_RANGE_LOOP_ANALYSIS = YES;
				CLANG_WARN_STRICT_PROTOTYPES = YES;
				CLANG_WARN_SUSPICIOUS_MOVE = YES;
				CLANG_WARN_UNGUARDED_AVAILABILITY = YES_AGGRESSIVE;
				CLANG_WARN_UNREACHABLE_CODE = YES;
				CLANG_WARN__DUPLICATE_METHOD_MATCH = YES;
				CODE_SIGN_IDENTITY = "iPhone Developer";
				COPY_PHASE_STRIP = NO;
				DEBUG_INFORMATION_FORMAT = "dwarf-with-dsym";
				ENABLE_NS_ASSERTIONS = NO;
				ENABLE_STRICT_OBJC_MSGSEND = YES;
				GCC_C_LANGUAGE_STANDARD = gnu11;
				GCC_NO_COMMON_BLOCKS = YES;
				GCC_WARN_64_TO_32_BIT_CONVERSION = YES;
				GCC_WARN_ABOUT_RETURN_TYPE = YES_ERROR;
				GCC_WARN_UNDECLARED_SELECTOR = YES;
				GCC_WARN_UNINITIALIZED_AUTOS = YES_AGGRESSIVE;
				GCC_WARN_UNUSED_FUNCTION = YES;
				GCC_WARN_UNUSED_VARIABLE = YES;
				IPHONEOS_DEPLOYMENT_TARGET = 12.4;
				MTL_ENABLE_DEBUG_INFO = NO;
				MTL_FAST_MATH = YES;
				SDKROOT = iphoneos;
				SWIFT_COMPILATION_MODE = wholemodule;
				SWIFT_OPTIMIZATION_LEVEL = "-O";
				VALIDATE_PRODUCT = YES;
			};
			name = Release;
		};
		2EFCC5C923176CCB00F80414 /* Debug */ = {
			isa = XCBuildConfiguration;
			buildSettings = {
				ASSETCATALOG_COMPILER_APPICON_NAME = AppIcon;
				CODE_SIGN_STYLE = Automatic;
				INFOPLIST_FILE = "Memory&Pointer-Swift/Info.plist";
				LD_RUNPATH_SEARCH_PATHS = (
					"$(inherited)",
					"@executable_path/Frameworks",
				);
				PRODUCT_BUNDLE_IDENTIFIER = "com.allan.Memory-Pointer-Swift";
				PRODUCT_NAME = "$(TARGET_NAME)";
				SWIFT_VERSION = 5.0;
				TARGETED_DEVICE_FAMILY = "1,2";
			};
			name = Debug;
		};
		2EFCC5CA23176CCB00F80414 /* Release */ = {
			isa = XCBuildConfiguration;
			buildSettings = {
				ASSETCATALOG_COMPILER_APPICON_NAME = AppIcon;
				CODE_SIGN_STYLE = Automatic;
				INFOPLIST_FILE = "Memory&Pointer-Swift/Info.plist";
				LD_RUNPATH_SEARCH_PATHS = (
					"$(inherited)",
					"@executable_path/Frameworks",
				);
				PRODUCT_BUNDLE_IDENTIFIER = "com.allan.Memory-Pointer-Swift";
				PRODUCT_NAME = "$(TARGET_NAME)";
				SWIFT_VERSION = 5.0;
				TARGETED_DEVICE_FAMILY = "1,2";
			};
			name = Release;
		};
/* End XCBuildConfiguration section */

/* Begin XCConfigurationList section */
		2EC9C9822368397B001B863E /* Build configuration list for PBXNativeTarget "Test" */ = {
			isa = XCConfigurationList;
			buildConfigurations = (
				2EC9C9802368397B001B863E /* Debug */,
				2EC9C9812368397B001B863E /* Release */,
			);
			defaultConfigurationIsVisible = 0;
			defaultConfigurationName = Release;
		};
		2EFCC5B123176CCA00F80414 /* Build configuration list for PBXProject "Memory&Pointer-Swift" */ = {
			isa = XCConfigurationList;
			buildConfigurations = (
				2EFCC5C623176CCB00F80414 /* Debug */,
				2EFCC5C723176CCB00F80414 /* Release */,
			);
			defaultConfigurationIsVisible = 0;
			defaultConfigurationName = Release;
		};
		2EFCC5C823176CCB00F80414 /* Build configuration list for PBXNativeTarget "Memory&Pointer-Swift" */ = {
			isa = XCConfigurationList;
			buildConfigurations = (
				2EFCC5C923176CCB00F80414 /* Debug */,
				2EFCC5CA23176CCB00F80414 /* Release */,
			);
			defaultConfigurationIsVisible = 0;
			defaultConfigurationName = Release;
		};
/* End XCConfigurationList section */
	};
	rootObject = 2EFCC5AE23176CCA00F80414 /* Project object */;
}
